{
  "name": "reem",
  "version": "1.0.0",
  "lockfileVersion": 1,
  "requires": true,
  "dependencies": {
    "x2js": {
      "version": "3.4.0",
      "resolved": "https://registry.npmjs.org/x2js/-/x2js-3.4.0.tgz",
      "integrity": "sha512-1tozn7D51ghz2DAiy5U6R55qn9x2F3lHUxusOD0QtYlLSDGxyXjHfn0c508eXG1D7s8qqj54SiU5HsPEfhDIpg==",
      "requires": {
        "xmldom": "^0.1.19"
      }
    },
    "xmldom": {
      "version": "0.1.31",
      "resolved": "https://registry.npmjs.org/xmldom/-/xmldom-0.1.31.tgz",
      "integrity": "sha512-yS2uJflVQs6n+CyjHoaBmVSqIDevTAWrzMmjG1Gc7h1qQ7uVozNhEPJAwZXWyGQ/Gafo3fCwrcaokezLPupVyQ=="
    }
  }
}
